
Microsoft Visual Studio Solution File, Format Version 12.00
# Visual Studio 2012
Project("{FAE04EC0-301F-11D3-BF4B-00C04F79EFBC}") = "MeshEditor.Core", "MeshEditor.Core\MeshEditor.Core.csproj", "{604E83B3-5C76-47A8-BEB2-529CC28471F0}"
EndProject
Project("{FAE04EC0-301F-11D3-BF4B-00C04F79EFBC}") = "MeshEditor.UI", "MeshEditor.UI\MeshEditor.UI.csproj", "{971DBF6E-A0CB-467E-B11B-CBA7666D46F3}"
EndProject
Project("{FAE04EC0-301F-11D3-BF4B-00C04F79EFBC}") = "MeshEditor.Forms", "MeshEditor.Forms\MeshEditor.Forms.csproj", "{A282D924-E26B-4077-A803-D3064F36A744}"
EndProject
Project("{FAE04EC0-301F-11D3-BF4B-00C04F79EFBC}") = "MeshEditor.OpenTKCompatibility", "MeshEditor.OpenTKCompatibility\MeshEditor.OpenTKCompatibility.csproj", "{3ED73469-9212-4EC7-B450-EC243B344A39}"
EndProject
Project("{FAE04EC0-301F-11D3-BF4B-00C04F79EFBC}") = "MeshEditor.FormatConverter", "MeshEditor.FormatConverter\MeshEditor.FormatConverter.csproj", "{469F9E5D-1EE2-4219-A9AA-890E2923D26B}"
EndProject
Global
	GlobalSection(SolutionConfigurationPlatforms) = preSolution
		Debug|Any CPU = Debug|Any CPU
		Debug|Mixed Platforms = Debug|Mixed Platforms
		Debug|x86 = Debug|x86
		Release|Any CPU = Release|Any CPU
		Release|Mixed Platforms = Release|Mixed Platforms
		Release|x86 = Release|x86
	EndGlobalSection
	GlobalSection(ProjectConfigurationPlatforms) = postSolution
		{604E83B3-5C76-47A8-BEB2-529CC28471F0}.Debug|Any CPU.ActiveCfg = Debug|Any CPU
		{604E83B3-5C76-47A8-BEB2-529CC28471F0}.Debug|Any CPU.Build.0 = Debug|Any CPU
		{604E83B3-5C76-47A8-BEB2-529CC28471F0}.Debug|Mixed Platforms.ActiveCfg = Debug|Any CPU
		{604E83B3-5C76-47A8-BEB2-529CC28471F0}.Debug|Mixed Platforms.Build.0 = Debug|Any CPU
		{604E83B3-5C76-47A8-BEB2-529CC28471F0}.Debug|x86.ActiveCfg = Debug|Any CPU
		{604E83B3-5C76-47A8-BEB2-529CC28471F0}.Release|Any CPU.ActiveCfg = Release|Any CPU
		{604E83B3-5C76-47A8-BEB2-529CC28471F0}.Release|Any CPU.Build.0 = Release|Any CPU
		{604E83B3-5C76-47A8-BEB2-529CC28471F0}.Release|Mixed Platforms.ActiveCfg = Release|Any CPU
		{604E83B3-5C76-47A8-BEB2-529CC28471F0}.Release|Mixed Platforms.Build.0 = Release|Any CPU
		{604E83B3-5C76-47A8-BEB2-529CC28471F0}.Release|x86.ActiveCfg = Release|Any CPU
		{971DBF6E-A0CB-467E-B11B-CBA7666D46F3}.Debug|Any CPU.ActiveCfg = Debug|Any CPU
		{971DBF6E-A0CB-467E-B11B-CBA7666D46F3}.Debug|Any CPU.Build.0 = Debug|Any CPU
		{971DBF6E-A0CB-467E-B11B-CBA7666D46F3}.Debug|Mixed Platforms.ActiveCfg = Debug|Any CPU
		{971DBF6E-A0CB-467E-B11B-CBA7666D46F3}.Debug|Mixed Platforms.Build.0 = Debug|Any CPU
		{971DBF6E-A0CB-467E-B11B-CBA7666D46F3}.Debug|x86.ActiveCfg = Debug|Any CPU
		{971DBF6E-A0CB-467E-B11B-CBA7666D46F3}.Release|Any CPU.ActiveCfg = Release|Any CPU
		{971DBF6E-A0CB-467E-B11B-CBA7666D46F3}.Release|Any CPU.Build.0 = Release|Any CPU
		{971DBF6E-A0CB-467E-B11B-CBA7666D46F3}.Release|Mixed Platforms.ActiveCfg = Release|Any CPU
		{971DBF6E-A0CB-467E-B11B-CBA7666D46F3}.Release|Mixed Platforms.Build.0 = Release|Any CPU
		{971DBF6E-A0CB-467E-B11B-CBA7666D46F3}.Release|x86.ActiveCfg = Release|Any CPU
		{A282D924-E26B-4077-A803-D3064F36A744}.Debug|Any CPU.ActiveCfg = Debug|Any CPU
		{A282D924-E26B-4077-A803-D3064F36A744}.Debug|Any CPU.Build.0 = Debug|Any CPU
		{A282D924-E26B-4077-A803-D3064F36A744}.Debug|Mixed Platforms.ActiveCfg = Debug|Any CPU
		{A282D924-E26B-4077-A803-D3064F36A744}.Debug|Mixed Platforms.Build.0 = Debug|Any CPU
		{A282D924-E26B-4077-A803-D3064F36A744}.Debug|x86.ActiveCfg = Debug|Any CPU
		{A282D924-E26B-4077-A803-D3064F36A744}.Release|Any CPU.ActiveCfg = Release|Any CPU
		{A282D924-E26B-4077-A803-D3064F36A744}.Release|Any CPU.Build.0 = Release|Any CPU
		{A282D924-E26B-4077-A803-D3064F36A744}.Release|Mixed Platforms.ActiveCfg = Release|Any CPU
		{A282D924-E26B-4077-A803-D3064F36A744}.Release|Mixed Platforms.Build.0 = Release|Any CPU
		{A282D924-E26B-4077-A803-D3064F36A744}.Release|x86.ActiveCfg = Release|Any CPU
		{3ED73469-9212-4EC7-B450-EC243B344A39}.Debug|Any CPU.ActiveCfg = Debug|Any CPU
		{3ED73469-9212-4EC7-B450-EC243B344A39}.Debug|Any CPU.Build.0 = Debug|Any CPU
		{3ED73469-9212-4EC7-B450-EC243B344A39}.Debug|Mixed Platforms.ActiveCfg = Debug|Any CPU
		{3ED73469-9212-4EC7-B450-EC243B344A39}.Debug|Mixed Platforms.Build.0 = Debug|Any CPU
		{3ED73469-9212-4EC7-B450-EC243B344A39}.Debug|x86.ActiveCfg = Debug|Any CPU
		{3ED73469-9212-4EC7-B450-EC243B344A39}.Release|Any CPU.ActiveCfg = Release|Any CPU
		{3ED73469-9212-4EC7-B450-EC243B344A39}.Release|Any CPU.Build.0 = Release|Any CPU
		{3ED73469-9212-4EC7-B450-EC243B344A39}.Release|Mixed Platforms.ActiveCfg = Release|Any CPU
		{3ED73469-9212-4EC7-B450-EC243B344A39}.Release|Mixed Platforms.Build.0 = Release|Any CPU
		{3ED73469-9212-4EC7-B450-EC243B344A39}.Release|x86.ActiveCfg = Release|Any CPU
		{469F9E5D-1EE2-4219-A9AA-890E2923D26B}.Debug|Any CPU.ActiveCfg = Debug|Any CPU
		{469F9E5D-1EE2-4219-A9AA-890E2923D26B}.Debug|Any CPU.Build.0 = Debug|Any CPU
		{469F9E5D-1EE2-4219-A9AA-890E2923D26B}.Debug|Mixed Platforms.ActiveCfg = Debug|Any CPU
		{469F9E5D-1EE2-4219-A9AA-890E2923D26B}.Debug|Mixed Platforms.Build.0 = Debug|Any CPU
		{469F9E5D-1EE2-4219-A9AA-890E2923D26B}.Debug|x86.ActiveCfg = Debug|Any CPU
		{469F9E5D-1EE2-4219-A9AA-890E2923D26B}.Release|Any CPU.ActiveCfg = Release|Any CPU
		{469F9E5D-1EE2-4219-A9AA-890E2923D26B}.Release|Any CPU.Build.0 = Release|Any CPU
		{469F9E5D-1EE2-4219-A9AA-890E2923D26B}.Release|Mixed Platforms.ActiveCfg = Release|Any CPU
		{469F9E5D-1EE2-4219-A9AA-890E2923D26B}.Release|Mixed Platforms.Build.0 = Release|Any CPU
		{469F9E5D-1EE2-4219-A9AA-890E2923D26B}.Release|x86.ActiveCfg = Release|Any CPU
	EndGlobalSection
	GlobalSection(SolutionProperties) = preSolution
		HideSolutionNode = FALSE
	EndGlobalSection
	GlobalSection(ExtensibilityGlobals) = postSolution
		VisualSVNWorkingCopyRoot = .
	EndGlobalSection
EndGlobal
