
Microsoft Visual Studio Solution File, Format Version 12.00
# Visual Studio 14
VisualStudioVersion = 14.0.25123.0
MinimumVisualStudioVersion = 10.0.40219.1
Project("{FAE04EC0-301F-11D3-BF4B-00C04F79EFBC}") = "MeshEditor.Core", "MeshEditor.Core\MeshEditor.Core.csproj", "{604E83B3-5C76-47A8-BEB2-529CC28471F0}"
EndProject
Project("{FAE04EC0-301F-11D3-BF4B-00C04F79EFBC}") = "MeshEditor.UI", "MeshEditor.UI\MeshEditor.UI.csproj", "{971DBF6E-A0CB-467E-B11B-CBA7666D46F3}"
EndProject
Project("{FAE04EC0-301F-11D3-BF4B-00C04F79EFBC}") = "MeshEditor.Forms", "MeshEditor.Forms\MeshEditor.Forms.csproj", "{A282D924-E26B-4077-A803-D3064F36A744}"
EndProject
Project("{FAE04EC0-301F-11D3-BF4B-00C04F79EFBC}") = "MeshEditor.OpenTKCompatibility", "MeshEditor.OpenTKCompatibility\MeshEditor.OpenTKCompatibility.csproj", "{3ED73469-9212-4EC7-B450-EC243B344A39}"
EndProject
Project("{FAE04EC0-301F-11D3-BF4B-00C04F79EFBC}") = "MeshEditor.FormatConverter", "MeshEditor.FormatConverter\MeshEditor.FormatConverter.csproj", "{469F9E5D-1EE2-4219-A9AA-890E2923D26B}"
EndProject
Project("{FAE04EC0-301F-11D3-BF4B-00C04F79EFBC}") = "MeshEditor.DataVisualizer", "MeshEditor.DataVisualizer\MeshEditor.DataVisualizer.csproj", "{F586DC27-A7FD-4AB7-9A6B-1B6683A84B3F}"
EndProject
Project("{2150E333-8FDC-42A3-9474-1A3956D46DE8}") = ".nuget", ".nuget", "{351018B4-680A-41CD-8002-DDB6E4C2D95B}"
	ProjectSection(SolutionItems) = preProject
		.nuget\NuGet.Config = .nuget\NuGet.Config
		.nuget\NuGet.exe = .nuget\NuGet.exe
		.nuget\NuGet.targets = .nuget\NuGet.targets
	EndProjectSection
EndProject
Project("{2150E333-8FDC-42A3-9474-1A3956D46DE8}") = "LayerManager", "LayerManager", "{F991BEAE-FBD5-4BBC-8554-D1FD73C93D24}"
EndProject
Project("{FAE04EC0-301F-11D3-BF4B-00C04F79EFBC}") = "MeshEditor.LayerManager", "MeshEditor.LayerManager\MeshEditor.LayerManager.csproj", "{315E6AA6-A925-44BC-8F13-76CFF7DCB02F}"
EndProject
Project("{FAE04EC0-301F-11D3-BF4B-00C04F79EFBC}") = "MeshEditor.SolutionManager", "MeshEditor.SolutionManager\MeshEditor.SolutionManager.csproj", "{551F7428-7A4E-4EE2-9681-5DE0105BF887}"
EndProject
Global
	GlobalSection(SolutionConfigurationPlatforms) = preSolution
		Debug|Any CPU = Debug|Any CPU
		Release|Any CPU = Release|Any CPU
	EndGlobalSection
	GlobalSection(ProjectConfigurationPlatforms) = postSolution
		{604E83B3-5C76-47A8-BEB2-529CC28471F0}.Debug|Any CPU.ActiveCfg = Debug|Any CPU
		{604E83B3-5C76-47A8-BEB2-529CC28471F0}.Debug|Any CPU.Build.0 = Debug|Any CPU
		{604E83B3-5C76-47A8-BEB2-529CC28471F0}.Release|Any CPU.ActiveCfg = Release|Any CPU
		{604E83B3-5C76-47A8-BEB2-529CC28471F0}.Release|Any CPU.Build.0 = Release|Any CPU
		{971DBF6E-A0CB-467E-B11B-CBA7666D46F3}.Debug|Any CPU.ActiveCfg = Debug|Any CPU
		{971DBF6E-A0CB-467E-B11B-CBA7666D46F3}.Debug|Any CPU.Build.0 = Debug|Any CPU
		{971DBF6E-A0CB-467E-B11B-CBA7666D46F3}.Release|Any CPU.ActiveCfg = Release|Any CPU
		{971DBF6E-A0CB-467E-B11B-CBA7666D46F3}.Release|Any CPU.Build.0 = Release|Any CPU
		{A282D924-E26B-4077-A803-D3064F36A744}.Debug|Any CPU.ActiveCfg = Debug|Any CPU
		{A282D924-E26B-4077-A803-D3064F36A744}.Debug|Any CPU.Build.0 = Debug|Any CPU
		{A282D924-E26B-4077-A803-D3064F36A744}.Release|Any CPU.ActiveCfg = Release|Any CPU
		{A282D924-E26B-4077-A803-D3064F36A744}.Release|Any CPU.Build.0 = Release|Any CPU
		{3ED73469-9212-4EC7-B450-EC243B344A39}.Debug|Any CPU.ActiveCfg = Debug|Any CPU
		{3ED73469-9212-4EC7-B450-EC243B344A39}.Debug|Any CPU.Build.0 = Debug|Any CPU
		{3ED73469-9212-4EC7-B450-EC243B344A39}.Release|Any CPU.ActiveCfg = Release|Any CPU
		{3ED73469-9212-4EC7-B450-EC243B344A39}.Release|Any CPU.Build.0 = Release|Any CPU
		{469F9E5D-1EE2-4219-A9AA-890E2923D26B}.Debug|Any CPU.ActiveCfg = Debug|Any CPU
		{469F9E5D-1EE2-4219-A9AA-890E2923D26B}.Debug|Any CPU.Build.0 = Debug|Any CPU
		{469F9E5D-1EE2-4219-A9AA-890E2923D26B}.Release|Any CPU.ActiveCfg = Release|Any CPU
		{469F9E5D-1EE2-4219-A9AA-890E2923D26B}.Release|Any CPU.Build.0 = Release|Any CPU
		{F586DC27-A7FD-4AB7-9A6B-1B6683A84B3F}.Debug|Any CPU.ActiveCfg = Debug|Any CPU
		{F586DC27-A7FD-4AB7-9A6B-1B6683A84B3F}.Debug|Any CPU.Build.0 = Debug|Any CPU
		{F586DC27-A7FD-4AB7-9A6B-1B6683A84B3F}.Release|Any CPU.ActiveCfg = Release|Any CPU
		{F586DC27-A7FD-4AB7-9A6B-1B6683A84B3F}.Release|Any CPU.Build.0 = Release|Any CPU
		{315E6AA6-A925-44BC-8F13-76CFF7DCB02F}.Debug|Any CPU.ActiveCfg = Debug|Any CPU
		{315E6AA6-A925-44BC-8F13-76CFF7DCB02F}.Debug|Any CPU.Build.0 = Debug|Any CPU
		{315E6AA6-A925-44BC-8F13-76CFF7DCB02F}.Release|Any CPU.ActiveCfg = Release|Any CPU
		{315E6AA6-A925-44BC-8F13-76CFF7DCB02F}.Release|Any CPU.Build.0 = Release|Any CPU
		{551F7428-7A4E-4EE2-9681-5DE0105BF887}.Debug|Any CPU.ActiveCfg = Debug|Any CPU
		{551F7428-7A4E-4EE2-9681-5DE0105BF887}.Debug|Any CPU.Build.0 = Debug|Any CPU
		{551F7428-7A4E-4EE2-9681-5DE0105BF887}.Release|Any CPU.ActiveCfg = Release|Any CPU
		{551F7428-7A4E-4EE2-9681-5DE0105BF887}.Release|Any CPU.Build.0 = Release|Any CPU
	EndGlobalSection
	GlobalSection(SolutionProperties) = preSolution
		HideSolutionNode = FALSE
	EndGlobalSection
	GlobalSection(NestedProjects) = preSolution
		{469F9E5D-1EE2-4219-A9AA-890E2923D26B} = {F991BEAE-FBD5-4BBC-8554-D1FD73C93D24}
		{315E6AA6-A925-44BC-8F13-76CFF7DCB02F} = {F991BEAE-FBD5-4BBC-8554-D1FD73C93D24}
		{551F7428-7A4E-4EE2-9681-5DE0105BF887} = {F991BEAE-FBD5-4BBC-8554-D1FD73C93D24}
	EndGlobalSection
	GlobalSection(ExtensibilityGlobals) = postSolution
		VisualSVNWorkingCopyRoot = .
	EndGlobalSection
EndGlobal
